
Microsoft Visual Studio Solution File, Format Version 12.00
# Visual Studio 15
VisualStudioVersion = 15.0.26730.12
MinimumVisualStudioVersion = 10.0.40219.1
Project("{FAE04EC0-301F-11D3-BF4B-00C04F79EFBC}") = "Ejercicio11", "Ejercicio11\Ejercicio11.csproj", "{BBE15C0F-B3F2-4600-8DEE-0C43E3E8B89E}"
EndProject
Global
	GlobalSection(SolutionConfigurationPlatforms) = preSolution
		Debug|Any CPU = Debug|Any CPU
		Release|Any CPU = Release|Any CPU
	EndGlobalSection
	GlobalSection(ProjectConfigurationPlatforms) = postSolution
		{BBE15C0F-B3F2-4600-8DEE-0C43E3E8B89E}.Debug|Any CPU.ActiveCfg = Debug|Any CPU
		{BBE15C0F-B3F2-4600-8DEE-0C43E3E8B89E}.Debug|Any CPU.Build.0 = Debug|Any CPU
		{BBE15C0F-B3F2-4600-8DEE-0C43E3E8B89E}.Release|Any CPU.ActiveCfg = Release|Any CPU
		{BBE15C0F-B3F2-4600-8DEE-0C43E3E8B89E}.Release|Any CPU.Build.0 = Release|Any CPU
	EndGlobalSection
	GlobalSection(SolutionProperties) = preSolution
		HideSolutionNode = FALSE
	EndGlobalSection
	GlobalSection(ExtensibilityGlobals) = postSolution
		SolutionGuid = {7EEAC5BF-3B42-4928-B0DF-13F949483DAA}
	EndGlobalSection
EndGlobal
