
Microsoft Visual Studio Solution File, Format Version 12.00
# Visual Studio 15
VisualStudioVersion = 15.0.26730.12
MinimumVisualStudioVersion = 10.0.40219.1
Project("{FAE04EC0-301F-11D3-BF4B-00C04F79EFBC}") = "Ejercicio5", "Ejercicio5\Ejercicio5.csproj", "{65596553-4D64-4109-B88F-F87A9A78E83B}"
EndProject
Global
	GlobalSection(SolutionConfigurationPlatforms) = preSolution
		Debug|Any CPU = Debug|Any CPU
		Release|Any CPU = Release|Any CPU
	EndGlobalSection
	GlobalSection(ProjectConfigurationPlatforms) = postSolution
		{65596553-4D64-4109-B88F-F87A9A78E83B}.Debug|Any CPU.ActiveCfg = Debug|Any CPU
		{65596553-4D64-4109-B88F-F87A9A78E83B}.Debug|Any CPU.Build.0 = Debug|Any CPU
		{65596553-4D64-4109-B88F-F87A9A78E83B}.Release|Any CPU.ActiveCfg = Release|Any CPU
		{65596553-4D64-4109-B88F-F87A9A78E83B}.Release|Any CPU.Build.0 = Release|Any CPU
	EndGlobalSection
	GlobalSection(SolutionProperties) = preSolution
		HideSolutionNode = FALSE
	EndGlobalSection
	GlobalSection(ExtensibilityGlobals) = postSolution
		SolutionGuid = {06502C07-565C-492A-A7BE-B68243F246E6}
	EndGlobalSection
EndGlobal
